
Microsoft Visual Studio Solution File, Format Version 12.00
# Visual Studio Version 17
VisualStudioVersion = 17.7.34031.279
MinimumVisualStudioVersion = 10.0.40219.1
Project("{FAE04EC0-301F-11D3-BF4B-00C04F79EFBC}") = "BooksProject", "BooksProject\BooksProject.csproj", "{A0BA8C4B-C31F-4419-A581-9060F1E3120F}"
EndProject
Global
	GlobalSection(SolutionConfigurationPlatforms) = preSolution
		Debug|Any CPU = Debug|Any CPU
		Release|Any CPU = Release|Any CPU
	EndGlobalSection
	GlobalSection(ProjectConfigurationPlatforms) = postSolution
		{A0BA8C4B-C31F-4419-A581-9060F1E3120F}.Debug|Any CPU.ActiveCfg = Debug|Any CPU
		{A0BA8C4B-C31F-4419-A581-9060F1E3120F}.Debug|Any CPU.Build.0 = Debug|Any CPU
		{A0BA8C4B-C31F-4419-A581-9060F1E3120F}.Release|Any CPU.ActiveCfg = Release|Any CPU
		{A0BA8C4B-C31F-4419-A581-9060F1E3120F}.Release|Any CPU.Build.0 = Release|Any CPU
	EndGlobalSection
	GlobalSection(SolutionProperties) = preSolution
		HideSolutionNode = FALSE
	EndGlobalSection
	GlobalSection(ExtensibilityGlobals) = postSolution
		SolutionGuid = {F86FBBED-ACA6-4C1B-AAB5-7B0F64D160D3}
	EndGlobalSection
EndGlobal
